# THIS IS AN AUTOGENERATED FILE. DO NOT EDIT THIS FILE DIRECTLY.
# yarn lockfile v1


"@hashicorp/structure-icons@^1.3.0":
  version "1.3.0"
  resolved "https://registry.yarnpkg.com/@hashicorp/structure-icons/-/structure-icons-1.3.0.tgz#1c7c1cb43a1c1aa92b073a7aa7956495ae14c3e0"
  integrity sha512-wTKpdaAPphEY2kg5QbQTSUlhqLTpBBR1+1dXp4LYTN0PtMSpetyDDDhcSyvKE8i4h2nwPJBRRfeFlE1snaHd7w==
